
Microsoft Visual Studio Solution File, Format Version 12.00
# Visual Studio Version 16
VisualStudioVersion = 16.0.30114.105
MinimumVisualStudioVersion = 10.0.40219.1
Project("{FAE04EC0-301F-11D3-BF4B-00C04F79EFBC}") = "WebApplication20", "WebApplication20\WebApplication20.csproj", "{9EC27B57-5F45-4286-AA7C-12ABAD61A153}"
EndProject
Global
	GlobalSection(SolutionConfigurationPlatforms) = preSolution
		Debug|Any CPU = Debug|Any CPU
		Release|Any CPU = Release|Any CPU
	EndGlobalSection
	GlobalSection(ProjectConfigurationPlatforms) = postSolution
		{9EC27B57-5F45-4286-AA7C-12ABAD61A153}.Debug|Any CPU.ActiveCfg = Debug|Any CPU
		{9EC27B57-5F45-4286-AA7C-12ABAD61A153}.Debug|Any CPU.Build.0 = Debug|Any CPU
		{9EC27B57-5F45-4286-AA7C-12ABAD61A153}.Release|Any CPU.ActiveCfg = Release|Any CPU
		{9EC27B57-5F45-4286-AA7C-12ABAD61A153}.Release|Any CPU.Build.0 = Release|Any CPU
	EndGlobalSection
	GlobalSection(SolutionProperties) = preSolution
		HideSolutionNode = FALSE
	EndGlobalSection
	GlobalSection(ExtensibilityGlobals) = postSolution
		SolutionGuid = {05909262-0512-4E7A-B3D6-2C40A6054D77}
	EndGlobalSection
EndGlobal
